
Microsoft Visual Studio Solution File, Format Version 12.00
# Visual Studio 2013
VisualStudioVersion = 12.0.30324.0
MinimumVisualStudioVersion = 10.0.40219.1
Project("{FAE04EC0-301F-11D3-BF4B-00C04F79EFBC}") = "Fusillade", "Fusillade\Fusillade.csproj", "{9C4EB1B2-E3FF-4295-A80E-BDABDC2CAEF0}"
EndProject
Project("{FAE04EC0-301F-11D3-BF4B-00C04F79EFBC}") = "Fusillade.Tests", "Fusillade.Tests\Fusillade.Tests.csproj", "{B0A17A8A-D5FD-4350-8352-539F71E36898}"
EndProject
Global
	GlobalSection(SolutionConfigurationPlatforms) = preSolution
		Debug|Any CPU = Debug|Any CPU
		Release|Any CPU = Release|Any CPU
	EndGlobalSection
	GlobalSection(ProjectConfigurationPlatforms) = postSolution
		{9C4EB1B2-E3FF-4295-A80E-BDABDC2CAEF0}.Debug|Any CPU.ActiveCfg = Debug|Any CPU
		{9C4EB1B2-E3FF-4295-A80E-BDABDC2CAEF0}.Debug|Any CPU.Build.0 = Debug|Any CPU
		{9C4EB1B2-E3FF-4295-A80E-BDABDC2CAEF0}.Release|Any CPU.ActiveCfg = Release|Any CPU
		{9C4EB1B2-E3FF-4295-A80E-BDABDC2CAEF0}.Release|Any CPU.Build.0 = Release|Any CPU
		{B0A17A8A-D5FD-4350-8352-539F71E36898}.Debug|Any CPU.ActiveCfg = Debug|Any CPU
		{B0A17A8A-D5FD-4350-8352-539F71E36898}.Debug|Any CPU.Build.0 = Debug|Any CPU
		{B0A17A8A-D5FD-4350-8352-539F71E36898}.Release|Any CPU.ActiveCfg = Release|Any CPU
		{B0A17A8A-D5FD-4350-8352-539F71E36898}.Release|Any CPU.Build.0 = Release|Any CPU
	EndGlobalSection
	GlobalSection(SolutionProperties) = preSolution
		HideSolutionNode = FALSE
	EndGlobalSection
EndGlobal
